
Microsoft Visual Studio Solution File, Format Version 12.00
# Visual Studio 15
Project("{FAE04EC0-301F-11D3-BF4B-00C04F79EFBC}") = "Assembly-CSharp", "Assembly-CSharp.csproj", "{41FF5C71-C7AA-18AF-25AB-80663A3A7AAC}"
EndProject
Global
	GlobalSection(SolutionConfigurationPlatforms) = preSolution
		Debug|Any CPU = Debug|Any CPU
		Release|Any CPU = Release|Any CPU
	EndGlobalSection
	GlobalSection(ProjectConfigurationPlatforms) = postSolution
		{41FF5C71-C7AA-18AF-25AB-80663A3A7AAC}.Debug|Any CPU.ActiveCfg = Debug|Any CPU
		{41FF5C71-C7AA-18AF-25AB-80663A3A7AAC}.Debug|Any CPU.Build.0 = Debug|Any CPU
		{41FF5C71-C7AA-18AF-25AB-80663A3A7AAC}.Release|Any CPU.ActiveCfg = Release|Any CPU
		{41FF5C71-C7AA-18AF-25AB-80663A3A7AAC}.Release|Any CPU.Build.0 = Release|Any CPU
	EndGlobalSection
	GlobalSection(SolutionProperties) = preSolution
		HideSolutionNode = FALSE
	EndGlobalSection
EndGlobal
